
Microsoft Visual Studio Solution File, Format Version 12.00
Project("{FAE04EC0-301F-11D3-BF4B-00C04F79EFBC}") = "HttpClientToCurl", "HttpClientToCurl\HttpClientToCurl.csproj", "{18B3309D-B84C-453D-8EF7-16CA9E58F5DC}"
EndProject
Project("{FAE04EC0-301F-11D3-BF4B-00C04F79EFBC}") = "HttpClientToCurlGeneratorTest", "HttpClientToCurlGeneratorTest\HttpClientToCurlGeneratorTest.csproj", "{BF3321A5-A590-44DD-BA5D-44978D9B6125}"
EndProject
Global
	GlobalSection(SolutionConfigurationPlatforms) = preSolution
		Debug|Any CPU = Debug|Any CPU
		Release|Any CPU = Release|Any CPU
	EndGlobalSection
	GlobalSection(ProjectConfigurationPlatforms) = postSolution
		{18B3309D-B84C-453D-8EF7-16CA9E58F5DC}.Debug|Any CPU.ActiveCfg = Debug|Any CPU
		{18B3309D-B84C-453D-8EF7-16CA9E58F5DC}.Debug|Any CPU.Build.0 = Debug|Any CPU
		{18B3309D-B84C-453D-8EF7-16CA9E58F5DC}.Release|Any CPU.ActiveCfg = Release|Any CPU
		{18B3309D-B84C-453D-8EF7-16CA9E58F5DC}.Release|Any CPU.Build.0 = Release|Any CPU
		{BF3321A5-A590-44DD-BA5D-44978D9B6125}.Debug|Any CPU.ActiveCfg = Debug|Any CPU
		{BF3321A5-A590-44DD-BA5D-44978D9B6125}.Debug|Any CPU.Build.0 = Debug|Any CPU
		{BF3321A5-A590-44DD-BA5D-44978D9B6125}.Release|Any CPU.ActiveCfg = Release|Any CPU
		{BF3321A5-A590-44DD-BA5D-44978D9B6125}.Release|Any CPU.Build.0 = Release|Any CPU
	EndGlobalSection
EndGlobal
